
Microsoft Visual Studio Solution File, Format Version 12.00
# Visual Studio 2012
Project("{8BC9CEB8-8B4A-11D0-8D11-00A0C91BC942}") = "withcs 1371 매혹의 목걸이", "withcs 1371 매혹의 목걸이\withcs 1371 매혹의 목걸이.vcxproj", "{6BCBD5FF-FA5B-4223-9CB5-529FADB5E91C}"
EndProject
Global
	GlobalSection(SolutionConfigurationPlatforms) = preSolution
		Debug|Win32 = Debug|Win32
		Release|Win32 = Release|Win32
	EndGlobalSection
	GlobalSection(ProjectConfigurationPlatforms) = postSolution
		{6BCBD5FF-FA5B-4223-9CB5-529FADB5E91C}.Debug|Win32.ActiveCfg = Debug|Win32
		{6BCBD5FF-FA5B-4223-9CB5-529FADB5E91C}.Debug|Win32.Build.0 = Debug|Win32
		{6BCBD5FF-FA5B-4223-9CB5-529FADB5E91C}.Release|Win32.ActiveCfg = Release|Win32
		{6BCBD5FF-FA5B-4223-9CB5-529FADB5E91C}.Release|Win32.Build.0 = Release|Win32
	EndGlobalSection
	GlobalSection(SolutionProperties) = preSolution
		HideSolutionNode = FALSE
	EndGlobalSection
EndGlobal
