
Microsoft Visual Studio Solution File, Format Version 12.00
# Visual Studio 2012
Project("{8BC9CEB8-8B4A-11D0-8D11-00A0C91BC942}") = "냅색문제", "냅색문제\냅색문제.vcxproj", "{4ED01EE5-27BF-4986-87C0-B830B8911044}"
EndProject
Global
	GlobalSection(SolutionConfigurationPlatforms) = preSolution
		Debug|Win32 = Debug|Win32
		Release|Win32 = Release|Win32
	EndGlobalSection
	GlobalSection(ProjectConfigurationPlatforms) = postSolution
		{4ED01EE5-27BF-4986-87C0-B830B8911044}.Debug|Win32.ActiveCfg = Debug|Win32
		{4ED01EE5-27BF-4986-87C0-B830B8911044}.Debug|Win32.Build.0 = Debug|Win32
		{4ED01EE5-27BF-4986-87C0-B830B8911044}.Release|Win32.ActiveCfg = Release|Win32
		{4ED01EE5-27BF-4986-87C0-B830B8911044}.Release|Win32.Build.0 = Release|Win32
	EndGlobalSection
	GlobalSection(SolutionProperties) = preSolution
		HideSolutionNode = FALSE
	EndGlobalSection
EndGlobal
