
Microsoft Visual Studio Solution File, Format Version 12.00
# Visual Studio 2012
Project("{8BC9CEB8-8B4A-11D0-8D11-00A0C91BC942}") = "withcs 2062 다항식의 곱하기", "withcs 2062 다항식의 곱하기\withcs 2062 다항식의 곱하기.vcxproj", "{65A14634-FC98-44B2-A999-0D4895F65B05}"
EndProject
Global
	GlobalSection(SolutionConfigurationPlatforms) = preSolution
		Debug|Win32 = Debug|Win32
		Release|Win32 = Release|Win32
	EndGlobalSection
	GlobalSection(ProjectConfigurationPlatforms) = postSolution
		{65A14634-FC98-44B2-A999-0D4895F65B05}.Debug|Win32.ActiveCfg = Debug|Win32
		{65A14634-FC98-44B2-A999-0D4895F65B05}.Debug|Win32.Build.0 = Debug|Win32
		{65A14634-FC98-44B2-A999-0D4895F65B05}.Release|Win32.ActiveCfg = Release|Win32
		{65A14634-FC98-44B2-A999-0D4895F65B05}.Release|Win32.Build.0 = Release|Win32
	EndGlobalSection
	GlobalSection(SolutionProperties) = preSolution
		HideSolutionNode = FALSE
	EndGlobalSection
EndGlobal
