
Microsoft Visual Studio Solution File, Format Version 12.00
# Visual Studio 2012
Project("{8BC9CEB8-8B4A-11D0-8D11-00A0C91BC942}") = "withcs 4302 단어 클래스 구분하기", "withcs 4302 단어 클래스 구분하기\withcs 4302 단어 클래스 구분하기.vcxproj", "{1FACF45E-EA10-401D-A621-40FF8A7B2892}"
EndProject
Global
	GlobalSection(SolutionConfigurationPlatforms) = preSolution
		Debug|Win32 = Debug|Win32
		Release|Win32 = Release|Win32
	EndGlobalSection
	GlobalSection(ProjectConfigurationPlatforms) = postSolution
		{1FACF45E-EA10-401D-A621-40FF8A7B2892}.Debug|Win32.ActiveCfg = Debug|Win32
		{1FACF45E-EA10-401D-A621-40FF8A7B2892}.Debug|Win32.Build.0 = Debug|Win32
		{1FACF45E-EA10-401D-A621-40FF8A7B2892}.Release|Win32.ActiveCfg = Release|Win32
		{1FACF45E-EA10-401D-A621-40FF8A7B2892}.Release|Win32.Build.0 = Release|Win32
	EndGlobalSection
	GlobalSection(SolutionProperties) = preSolution
		HideSolutionNode = FALSE
	EndGlobalSection
EndGlobal
