
Microsoft Visual Studio Solution File, Format Version 12.00
# Visual Studio 2012
Project("{8BC9CEB8-8B4A-11D0-8D11-00A0C91BC942}") = "withcs 4297 n시리즈 문자열 함수 3연쇄", "withcs 4297 n시리즈 문자열 함수 3연쇄\withcs 4297 n시리즈 문자열 함수 3연쇄.vcxproj", "{F14A5746-DAB9-4BBC-9482-F52F6F9FDA06}"
EndProject
Global
	GlobalSection(SolutionConfigurationPlatforms) = preSolution
		Debug|Win32 = Debug|Win32
		Release|Win32 = Release|Win32
	EndGlobalSection
	GlobalSection(ProjectConfigurationPlatforms) = postSolution
		{F14A5746-DAB9-4BBC-9482-F52F6F9FDA06}.Debug|Win32.ActiveCfg = Debug|Win32
		{F14A5746-DAB9-4BBC-9482-F52F6F9FDA06}.Debug|Win32.Build.0 = Debug|Win32
		{F14A5746-DAB9-4BBC-9482-F52F6F9FDA06}.Release|Win32.ActiveCfg = Release|Win32
		{F14A5746-DAB9-4BBC-9482-F52F6F9FDA06}.Release|Win32.Build.0 = Release|Win32
	EndGlobalSection
	GlobalSection(SolutionProperties) = preSolution
		HideSolutionNode = FALSE
	EndGlobalSection
EndGlobal
