
Microsoft Visual Studio Solution File, Format Version 12.00
# Visual Studio 2012
Project("{8BC9CEB8-8B4A-11D0-8D11-00A0C91BC942}") = "withcs 2686 마법같은 곱하기", "withcs 2686 마법같은 곱하기\withcs 2686 마법같은 곱하기.vcxproj", "{53873A3C-82C0-4656-A00E-67A6738CAD48}"
EndProject
Global
	GlobalSection(SolutionConfigurationPlatforms) = preSolution
		Debug|Win32 = Debug|Win32
		Release|Win32 = Release|Win32
	EndGlobalSection
	GlobalSection(ProjectConfigurationPlatforms) = postSolution
		{53873A3C-82C0-4656-A00E-67A6738CAD48}.Debug|Win32.ActiveCfg = Debug|Win32
		{53873A3C-82C0-4656-A00E-67A6738CAD48}.Debug|Win32.Build.0 = Debug|Win32
		{53873A3C-82C0-4656-A00E-67A6738CAD48}.Release|Win32.ActiveCfg = Release|Win32
		{53873A3C-82C0-4656-A00E-67A6738CAD48}.Release|Win32.Build.0 = Release|Win32
	EndGlobalSection
	GlobalSection(SolutionProperties) = preSolution
		HideSolutionNode = FALSE
	EndGlobalSection
EndGlobal
